
Microsoft Visual Studio Solution File, Format Version 12.00
# Visual Studio Version 17
VisualStudioVersion = 17.12.35527.113 d17.12
MinimumVisualStudioVersion = 10.0.40219.1
Project("{FAE04EC0-301F-11D3-BF4B-00C04F79EFBC}") = "IVP_API", "IVP_API\IVP_API.csproj", "{ECA680D5-D308-4FFE-8DF8-474FF3EB7545}"
EndProject
Global
	GlobalSection(SolutionConfigurationPlatforms) = preSolution
		Debug|Any CPU = Debug|Any CPU
		Release|Any CPU = Release|Any CPU
	EndGlobalSection
	GlobalSection(ProjectConfigurationPlatforms) = postSolution
		{ECA680D5-D308-4FFE-8DF8-474FF3EB7545}.Debug|Any CPU.ActiveCfg = Debug|Any CPU
		{ECA680D5-D308-4FFE-8DF8-474FF3EB7545}.Debug|Any CPU.Build.0 = Debug|Any CPU
		{ECA680D5-D308-4FFE-8DF8-474FF3EB7545}.Release|Any CPU.ActiveCfg = Release|Any CPU
		{ECA680D5-D308-4FFE-8DF8-474FF3EB7545}.Release|Any CPU.Build.0 = Release|Any CPU
	EndGlobalSection
	GlobalSection(SolutionProperties) = preSolution
		HideSolutionNode = FALSE
	EndGlobalSection
EndGlobal
