
Microsoft Visual Studio Solution File, Format Version 12.00
# Visual Studio Version 17
VisualStudioVersion = 17.12.35527.113
MinimumVisualStudioVersion = 10.0.40219.1
Project("{FAE04EC0-301F-11D3-BF4B-00C04F79EFBC}") = "EFCoreAssignmentConsoleApp", "EFCoreAssignmentConsoleApp\EFCoreAssignmentConsoleApp.csproj", "{46FF38CE-EE01-4984-B3A4-D0A40C4E1DF3}"
EndProject
Project("{FAE04EC0-301F-11D3-BF4B-00C04F79EFBC}") = "EFCoreAssignment_DataAccess", "EFCoreAssignment_DataAccess\EFCoreAssignment_DataAccess.csproj", "{29FB521C-E10D-49BB-8780-4F2CA282A3EA}"
EndProject
Project("{FAE04EC0-301F-11D3-BF4B-00C04F79EFBC}") = "EFCoreAssignment_Models", "EFCoreAssignment_Models\EFCoreAssignment_Models.csproj", "{EE176DC1-02AD-4B82-80DF-EC4819F2BE44}"
EndProject
Global
	GlobalSection(SolutionConfigurationPlatforms) = preSolution
		Debug|Any CPU = Debug|Any CPU
		Release|Any CPU = Release|Any CPU
	EndGlobalSection
	GlobalSection(ProjectConfigurationPlatforms) = postSolution
		{46FF38CE-EE01-4984-B3A4-D0A40C4E1DF3}.Debug|Any CPU.ActiveCfg = Debug|Any CPU
		{46FF38CE-EE01-4984-B3A4-D0A40C4E1DF3}.Debug|Any CPU.Build.0 = Debug|Any CPU
		{46FF38CE-EE01-4984-B3A4-D0A40C4E1DF3}.Release|Any CPU.ActiveCfg = Release|Any CPU
		{46FF38CE-EE01-4984-B3A4-D0A40C4E1DF3}.Release|Any CPU.Build.0 = Release|Any CPU
		{29FB521C-E10D-49BB-8780-4F2CA282A3EA}.Debug|Any CPU.ActiveCfg = Debug|Any CPU
		{29FB521C-E10D-49BB-8780-4F2CA282A3EA}.Debug|Any CPU.Build.0 = Debug|Any CPU
		{29FB521C-E10D-49BB-8780-4F2CA282A3EA}.Release|Any CPU.ActiveCfg = Release|Any CPU
		{29FB521C-E10D-49BB-8780-4F2CA282A3EA}.Release|Any CPU.Build.0 = Release|Any CPU
		{EE176DC1-02AD-4B82-80DF-EC4819F2BE44}.Debug|Any CPU.ActiveCfg = Debug|Any CPU
		{EE176DC1-02AD-4B82-80DF-EC4819F2BE44}.Debug|Any CPU.Build.0 = Debug|Any CPU
		{EE176DC1-02AD-4B82-80DF-EC4819F2BE44}.Release|Any CPU.ActiveCfg = Release|Any CPU
		{EE176DC1-02AD-4B82-80DF-EC4819F2BE44}.Release|Any CPU.Build.0 = Release|Any CPU
	EndGlobalSection
	GlobalSection(SolutionProperties) = preSolution
		HideSolutionNode = FALSE
	EndGlobalSection
EndGlobal
