
Microsoft Visual Studio Solution File, Format Version 12.00
# Visual Studio Version 17
VisualStudioVersion = 17.12.35527.113 d17.12
MinimumVisualStudioVersion = 10.0.40219.1
Project("{FAE04EC0-301F-11D3-BF4B-00C04F79EFBC}") = "Login", "Login\Login.csproj", "{D653AD89-A40B-44E3-A509-367AB85EF95B}"
EndProject
Global
	GlobalSection(SolutionConfigurationPlatforms) = preSolution
		Debug|Any CPU = Debug|Any CPU
		Release|Any CPU = Release|Any CPU
	EndGlobalSection
	GlobalSection(ProjectConfigurationPlatforms) = postSolution
		{D653AD89-A40B-44E3-A509-367AB85EF95B}.Debug|Any CPU.ActiveCfg = Debug|Any CPU
		{D653AD89-A40B-44E3-A509-367AB85EF95B}.Debug|Any CPU.Build.0 = Debug|Any CPU
		{D653AD89-A40B-44E3-A509-367AB85EF95B}.Release|Any CPU.ActiveCfg = Release|Any CPU
		{D653AD89-A40B-44E3-A509-367AB85EF95B}.Release|Any CPU.Build.0 = Release|Any CPU
	EndGlobalSection
	GlobalSection(SolutionProperties) = preSolution
		HideSolutionNode = FALSE
	EndGlobalSection
EndGlobal
